
Microsoft Visual Studio Solution File, Format Version 12.00
# Visual Studio 14
VisualStudioVersion = 14.0.25420.1
MinimumVisualStudioVersion = 10.0.40219.1
Project("{FAE04EC0-301F-11D3-BF4B-00C04F79EFBC}") = "OpenMotics.App", "OpenMotics.App\OpenMotics.App\OpenMotics.App.csproj", "{2C64E80D-EEA1-4D6D-A880-28AE86B2DF43}"
EndProject
Project("{FAE04EC0-301F-11D3-BF4B-00C04F79EFBC}") = "OpenMotics.App.Droid", "OpenMotics.App\OpenMotics.App.Droid\OpenMotics.App.Droid.csproj", "{7E3D5214-8D0F-47E1-BCA9-BB51437D94E3}"
EndProject
Project("{FAE04EC0-301F-11D3-BF4B-00C04F79EFBC}") = "OpenMotics.App.iOS", "OpenMotics.App\OpenMotics.App.iOS\OpenMotics.App.iOS.csproj", "{0A9069B4-F1DB-4B47-971F-F6DCB97EB3C5}"
EndProject
Project("{FAE04EC0-301F-11D3-BF4B-00C04F79EFBC}") = "OpenMotics.App.UWP", "OpenMotics.App\OpenMotics.App.UWP\OpenMotics.App.UWP.csproj", "{E0C8160B-D504-472D-955D-D515F4E0B184}"
EndProject
Project("{FAE04EC0-301F-11D3-BF4B-00C04F79EFBC}") = "OpenMotics.SDK", "OpenMotics.SDK\OpenMotics.SDK.csproj", "{67F9D3A8-F71E-4428-913F-C37AE82CDB24}"
EndProject
Global
	GlobalSection(SolutionConfigurationPlatforms) = preSolution
		Ad-Hoc|Any CPU = Ad-Hoc|Any CPU
		Ad-Hoc|ARM = Ad-Hoc|ARM
		Ad-Hoc|iPhone = Ad-Hoc|iPhone
		Ad-Hoc|iPhoneSimulator = Ad-Hoc|iPhoneSimulator
		Ad-Hoc|x64 = Ad-Hoc|x64
		Ad-Hoc|x86 = Ad-Hoc|x86
		AppStore|Any CPU = AppStore|Any CPU
		AppStore|ARM = AppStore|ARM
		AppStore|iPhone = AppStore|iPhone
		AppStore|iPhoneSimulator = AppStore|iPhoneSimulator
		AppStore|x64 = AppStore|x64
		AppStore|x86 = AppStore|x86
		Debug|Any CPU = Debug|Any CPU
		Debug|ARM = Debug|ARM
		Debug|iPhone = Debug|iPhone
		Debug|iPhoneSimulator = Debug|iPhoneSimulator
		Debug|x64 = Debug|x64
		Debug|x86 = Debug|x86
		Release|Any CPU = Release|Any CPU
		Release|ARM = Release|ARM
		Release|iPhone = Release|iPhone
		Release|iPhoneSimulator = Release|iPhoneSimulator
		Release|x64 = Release|x64
		Release|x86 = Release|x86
	EndGlobalSection
	GlobalSection(ProjectConfigurationPlatforms) = postSolution
		{2C64E80D-EEA1-4D6D-A880-28AE86B2DF43}.Ad-Hoc|Any CPU.ActiveCfg = Release|Any CPU
		{2C64E80D-EEA1-4D6D-A880-28AE86B2DF43}.Ad-Hoc|Any CPU.Build.0 = Release|Any CPU
		{2C64E80D-EEA1-4D6D-A880-28AE86B2DF43}.Ad-Hoc|ARM.ActiveCfg = Release|Any CPU
		{2C64E80D-EEA1-4D6D-A880-28AE86B2DF43}.Ad-Hoc|ARM.Build.0 = Release|Any CPU
		{2C64E80D-EEA1-4D6D-A880-28AE86B2DF43}.Ad-Hoc|iPhone.ActiveCfg = Release|Any CPU
		{2C64E80D-EEA1-4D6D-A880-28AE86B2DF43}.Ad-Hoc|iPhone.Build.0 = Release|Any CPU
		{2C64E80D-EEA1-4D6D-A880-28AE86B2DF43}.Ad-Hoc|iPhoneSimulator.ActiveCfg = Release|Any CPU
		{2C64E80D-EEA1-4D6D-A880-28AE86B2DF43}.Ad-Hoc|iPhoneSimulator.Build.0 = Release|Any CPU
		{2C64E80D-EEA1-4D6D-A880-28AE86B2DF43}.Ad-Hoc|x64.ActiveCfg = Release|Any CPU
		{2C64E80D-EEA1-4D6D-A880-28AE86B2DF43}.Ad-Hoc|x64.Build.0 = Release|Any CPU
		{2C64E80D-EEA1-4D6D-A880-28AE86B2DF43}.Ad-Hoc|x86.ActiveCfg = Release|Any CPU
		{2C64E80D-EEA1-4D6D-A880-28AE86B2DF43}.Ad-Hoc|x86.Build.0 = Release|Any CPU
		{2C64E80D-EEA1-4D6D-A880-28AE86B2DF43}.AppStore|Any CPU.ActiveCfg = Release|Any CPU
		{2C64E80D-EEA1-4D6D-A880-28AE86B2DF43}.AppStore|Any CPU.Build.0 = Release|Any CPU
		{2C64E80D-EEA1-4D6D-A880-28AE86B2DF43}.AppStore|ARM.ActiveCfg = Release|Any CPU
		{2C64E80D-EEA1-4D6D-A880-28AE86B2DF43}.AppStore|ARM.Build.0 = Release|Any CPU
		{2C64E80D-EEA1-4D6D-A880-28AE86B2DF43}.AppStore|iPhone.ActiveCfg = Release|Any CPU
		{2C64E80D-EEA1-4D6D-A880-28AE86B2DF43}.AppStore|iPhone.Build.0 = Release|Any CPU
		{2C64E80D-EEA1-4D6D-A880-28AE86B2DF43}.AppStore|iPhoneSimulator.ActiveCfg = Release|Any CPU
		{2C64E80D-EEA1-4D6D-A880-28AE86B2DF43}.AppStore|iPhoneSimulator.Build.0 = Release|Any CPU
		{2C64E80D-EEA1-4D6D-A880-28AE86B2DF43}.AppStore|x64.ActiveCfg = Release|Any CPU
		{2C64E80D-EEA1-4D6D-A880-28AE86B2DF43}.AppStore|x64.Build.0 = Release|Any CPU
		{2C64E80D-EEA1-4D6D-A880-28AE86B2DF43}.AppStore|x86.ActiveCfg = Release|Any CPU
		{2C64E80D-EEA1-4D6D-A880-28AE86B2DF43}.AppStore|x86.Build.0 = Release|Any CPU
		{2C64E80D-EEA1-4D6D-A880-28AE86B2DF43}.Debug|Any CPU.ActiveCfg = Debug|Any CPU
		{2C64E80D-EEA1-4D6D-A880-28AE86B2DF43}.Debug|Any CPU.Build.0 = Debug|Any CPU
		{2C64E80D-EEA1-4D6D-A880-28AE86B2DF43}.Debug|ARM.ActiveCfg = Debug|Any CPU
		{2C64E80D-EEA1-4D6D-A880-28AE86B2DF43}.Debug|ARM.Build.0 = Debug|Any CPU
		{2C64E80D-EEA1-4D6D-A880-28AE86B2DF43}.Debug|iPhone.ActiveCfg = Debug|Any CPU
		{2C64E80D-EEA1-4D6D-A880-28AE86B2DF43}.Debug|iPhone.Build.0 = Debug|Any CPU
		{2C64E80D-EEA1-4D6D-A880-28AE86B2DF43}.Debug|iPhoneSimulator.ActiveCfg = Debug|Any CPU
		{2C64E80D-EEA1-4D6D-A880-28AE86B2DF43}.Debug|iPhoneSimulator.Build.0 = Debug|Any CPU
		{2C64E80D-EEA1-4D6D-A880-28AE86B2DF43}.Debug|x64.ActiveCfg = Debug|Any CPU
		{2C64E80D-EEA1-4D6D-A880-28AE86B2DF43}.Debug|x64.Build.0 = Debug|Any CPU
		{2C64E80D-EEA1-4D6D-A880-28AE86B2DF43}.Debug|x86.ActiveCfg = Debug|Any CPU
		{2C64E80D-EEA1-4D6D-A880-28AE86B2DF43}.Debug|x86.Build.0 = Debug|Any CPU
		{2C64E80D-EEA1-4D6D-A880-28AE86B2DF43}.Release|Any CPU.ActiveCfg = Release|Any CPU
		{2C64E80D-EEA1-4D6D-A880-28AE86B2DF43}.Release|Any CPU.Build.0 = Release|Any CPU
		{2C64E80D-EEA1-4D6D-A880-28AE86B2DF43}.Release|ARM.ActiveCfg = Release|Any CPU
		{2C64E80D-EEA1-4D6D-A880-28AE86B2DF43}.Release|ARM.Build.0 = Release|Any CPU
		{2C64E80D-EEA1-4D6D-A880-28AE86B2DF43}.Release|iPhone.ActiveCfg = Release|Any CPU
		{2C64E80D-EEA1-4D6D-A880-28AE86B2DF43}.Release|iPhone.Build.0 = Release|Any CPU
		{2C64E80D-EEA1-4D6D-A880-28AE86B2DF43}.Release|iPhoneSimulator.ActiveCfg = Release|Any CPU
		{2C64E80D-EEA1-4D6D-A880-28AE86B2DF43}.Release|iPhoneSimulator.Build.0 = Release|Any CPU
		{2C64E80D-EEA1-4D6D-A880-28AE86B2DF43}.Release|x64.ActiveCfg = Release|Any CPU
		{2C64E80D-EEA1-4D6D-A880-28AE86B2DF43}.Release|x64.Build.0 = Release|Any CPU
		{2C64E80D-EEA1-4D6D-A880-28AE86B2DF43}.Release|x86.ActiveCfg = Release|Any CPU
		{2C64E80D-EEA1-4D6D-A880-28AE86B2DF43}.Release|x86.Build.0 = Release|Any CPU
		{7E3D5214-8D0F-47E1-BCA9-BB51437D94E3}.Ad-Hoc|Any CPU.ActiveCfg = Release|Any CPU
		{7E3D5214-8D0F-47E1-BCA9-BB51437D94E3}.Ad-Hoc|Any CPU.Build.0 = Release|Any CPU
		{7E3D5214-8D0F-47E1-BCA9-BB51437D94E3}.Ad-Hoc|Any CPU.Deploy.0 = Release|Any CPU
		{7E3D5214-8D0F-47E1-BCA9-BB51437D94E3}.Ad-Hoc|ARM.ActiveCfg = Release|Any CPU
		{7E3D5214-8D0F-47E1-BCA9-BB51437D94E3}.Ad-Hoc|ARM.Build.0 = Release|Any CPU
		{7E3D5214-8D0F-47E1-BCA9-BB51437D94E3}.Ad-Hoc|ARM.Deploy.0 = Release|Any CPU
		{7E3D5214-8D0F-47E1-BCA9-BB51437D94E3}.Ad-Hoc|iPhone.ActiveCfg = Release|Any CPU
		{7E3D5214-8D0F-47E1-BCA9-BB51437D94E3}.Ad-Hoc|iPhone.Build.0 = Release|Any CPU
		{7E3D5214-8D0F-47E1-BCA9-BB51437D94E3}.Ad-Hoc|iPhone.Deploy.0 = Release|Any CPU
		{7E3D5214-8D0F-47E1-BCA9-BB51437D94E3}.Ad-Hoc|iPhoneSimulator.ActiveCfg = Release|Any CPU
		{7E3D5214-8D0F-47E1-BCA9-BB51437D94E3}.Ad-Hoc|iPhoneSimulator.Build.0 = Release|Any CPU
		{7E3D5214-8D0F-47E1-BCA9-BB51437D94E3}.Ad-Hoc|iPhoneSimulator.Deploy.0 = Release|Any CPU
		{7E3D5214-8D0F-47E1-BCA9-BB51437D94E3}.Ad-Hoc|x64.ActiveCfg = Release|Any CPU
		{7E3D5214-8D0F-47E1-BCA9-BB51437D94E3}.Ad-Hoc|x64.Build.0 = Release|Any CPU
		{7E3D5214-8D0F-47E1-BCA9-BB51437D94E3}.Ad-Hoc|x64.Deploy.0 = Release|Any CPU
		{7E3D5214-8D0F-47E1-BCA9-BB51437D94E3}.Ad-Hoc|x86.ActiveCfg = Release|Any CPU
		{7E3D5214-8D0F-47E1-BCA9-BB51437D94E3}.Ad-Hoc|x86.Build.0 = Release|Any CPU
		{7E3D5214-8D0F-47E1-BCA9-BB51437D94E3}.Ad-Hoc|x86.Deploy.0 = Release|Any CPU
		{7E3D5214-8D0F-47E1-BCA9-BB51437D94E3}.AppStore|Any CPU.ActiveCfg = Release|Any CPU
		{7E3D5214-8D0F-47E1-BCA9-BB51437D94E3}.AppStore|Any CPU.Build.0 = Release|Any CPU
		{7E3D5214-8D0F-47E1-BCA9-BB51437D94E3}.AppStore|Any CPU.Deploy.0 = Release|Any CPU
		{7E3D5214-8D0F-47E1-BCA9-BB51437D94E3}.AppStore|ARM.ActiveCfg = Release|Any CPU
		{7E3D5214-8D0F-47E1-BCA9-BB51437D94E3}.AppStore|ARM.Build.0 = Release|Any CPU
		{7E3D5214-8D0F-47E1-BCA9-BB51437D94E3}.AppStore|ARM.Deploy.0 = Release|Any CPU
		{7E3D5214-8D0F-47E1-BCA9-BB51437D94E3}.AppStore|iPhone.ActiveCfg = Release|Any CPU
		{7E3D5214-8D0F-47E1-BCA9-BB51437D94E3}.AppStore|iPhone.Build.0 = Release|Any CPU
		{7E3D5214-8D0F-47E1-BCA9-BB51437D94E3}.AppStore|iPhone.Deploy.0 = Release|Any CPU
		{7E3D5214-8D0F-47E1-BCA9-BB51437D94E3}.AppStore|iPhoneSimulator.ActiveCfg = Release|Any CPU
		{7E3D5214-8D0F-47E1-BCA9-BB51437D94E3}.AppStore|iPhoneSimulator.Build.0 = Release|Any CPU
		{7E3D5214-8D0F-47E1-BCA9-BB51437D94E3}.AppStore|iPhoneSimulator.Deploy.0 = Release|Any CPU
		{7E3D5214-8D0F-47E1-BCA9-BB51437D94E3}.AppStore|x64.ActiveCfg = Release|Any CPU
		{7E3D5214-8D0F-47E1-BCA9-BB51437D94E3}.AppStore|x64.Build.0 = Release|Any CPU
		{7E3D5214-8D0F-47E1-BCA9-BB51437D94E3}.AppStore|x64.Deploy.0 = Release|Any CPU
		{7E3D5214-8D0F-47E1-BCA9-BB51437D94E3}.AppStore|x86.ActiveCfg = Release|Any CPU
		{7E3D5214-8D0F-47E1-BCA9-BB51437D94E3}.AppStore|x86.Build.0 = Release|Any CPU
		{7E3D5214-8D0F-47E1-BCA9-BB51437D94E3}.AppStore|x86.Deploy.0 = Release|Any CPU
		{7E3D5214-8D0F-47E1-BCA9-BB51437D94E3}.Debug|Any CPU.ActiveCfg = Debug|Any CPU
		{7E3D5214-8D0F-47E1-BCA9-BB51437D94E3}.Debug|Any CPU.Build.0 = Debug|Any CPU
		{7E3D5214-8D0F-47E1-BCA9-BB51437D94E3}.Debug|Any CPU.Deploy.0 = Debug|Any CPU
		{7E3D5214-8D0F-47E1-BCA9-BB51437D94E3}.Debug|ARM.ActiveCfg = Debug|Any CPU
		{7E3D5214-8D0F-47E1-BCA9-BB51437D94E3}.Debug|ARM.Build.0 = Debug|Any CPU
		{7E3D5214-8D0F-47E1-BCA9-BB51437D94E3}.Debug|ARM.Deploy.0 = Debug|Any CPU
		{7E3D5214-8D0F-47E1-BCA9-BB51437D94E3}.Debug|iPhone.ActiveCfg = Debug|Any CPU
		{7E3D5214-8D0F-47E1-BCA9-BB51437D94E3}.Debug|iPhone.Build.0 = Debug|Any CPU
		{7E3D5214-8D0F-47E1-BCA9-BB51437D94E3}.Debug|iPhone.Deploy.0 = Debug|Any CPU
		{7E3D5214-8D0F-47E1-BCA9-BB51437D94E3}.Debug|iPhoneSimulator.ActiveCfg = Debug|Any CPU
		{7E3D5214-8D0F-47E1-BCA9-BB51437D94E3}.Debug|iPhoneSimulator.Build.0 = Debug|Any CPU
		{7E3D5214-8D0F-47E1-BCA9-BB51437D94E3}.Debug|iPhoneSimulator.Deploy.0 = Debug|Any CPU
		{7E3D5214-8D0F-47E1-BCA9-BB51437D94E3}.Debug|x64.ActiveCfg = Debug|Any CPU
		{7E3D5214-8D0F-47E1-BCA9-BB51437D94E3}.Debug|x64.Build.0 = Debug|Any CPU
		{7E3D5214-8D0F-47E1-BCA9-BB51437D94E3}.Debug|x64.Deploy.0 = Debug|Any CPU
		{7E3D5214-8D0F-47E1-BCA9-BB51437D94E3}.Debug|x86.ActiveCfg = Debug|Any CPU
		{7E3D5214-8D0F-47E1-BCA9-BB51437D94E3}.Debug|x86.Build.0 = Debug|Any CPU
		{7E3D5214-8D0F-47E1-BCA9-BB51437D94E3}.Debug|x86.Deploy.0 = Debug|Any CPU
		{7E3D5214-8D0F-47E1-BCA9-BB51437D94E3}.Release|Any CPU.ActiveCfg = Release|Any CPU
		{7E3D5214-8D0F-47E1-BCA9-BB51437D94E3}.Release|Any CPU.Build.0 = Release|Any CPU
		{7E3D5214-8D0F-47E1-BCA9-BB51437D94E3}.Release|Any CPU.Deploy.0 = Release|Any CPU
		{7E3D5214-8D0F-47E1-BCA9-BB51437D94E3}.Release|ARM.ActiveCfg = Release|Any CPU
		{7E3D5214-8D0F-47E1-BCA9-BB51437D94E3}.Release|ARM.Build.0 = Release|Any CPU
		{7E3D5214-8D0F-47E1-BCA9-BB51437D94E3}.Release|ARM.Deploy.0 = Release|Any CPU
		{7E3D5214-8D0F-47E1-BCA9-BB51437D94E3}.Release|iPhone.ActiveCfg = Release|Any CPU
		{7E3D5214-8D0F-47E1-BCA9-BB51437D94E3}.Release|iPhone.Build.0 = Release|Any CPU
		{7E3D5214-8D0F-47E1-BCA9-BB51437D94E3}.Release|iPhone.Deploy.0 = Release|Any CPU
		{7E3D5214-8D0F-47E1-BCA9-BB51437D94E3}.Release|iPhoneSimulator.ActiveCfg = Release|Any CPU
		{7E3D5214-8D0F-47E1-BCA9-BB51437D94E3}.Release|iPhoneSimulator.Build.0 = Release|Any CPU
		{7E3D5214-8D0F-47E1-BCA9-BB51437D94E3}.Release|iPhoneSimulator.Deploy.0 = Release|Any CPU
		{7E3D5214-8D0F-47E1-BCA9-BB51437D94E3}.Release|x64.ActiveCfg = Release|Any CPU
		{7E3D5214-8D0F-47E1-BCA9-BB51437D94E3}.Release|x64.Build.0 = Release|Any CPU
		{7E3D5214-8D0F-47E1-BCA9-BB51437D94E3}.Release|x64.Deploy.0 = Release|Any CPU
		{7E3D5214-8D0F-47E1-BCA9-BB51437D94E3}.Release|x86.ActiveCfg = Release|Any CPU
		{7E3D5214-8D0F-47E1-BCA9-BB51437D94E3}.Release|x86.Build.0 = Release|Any CPU
		{7E3D5214-8D0F-47E1-BCA9-BB51437D94E3}.Release|x86.Deploy.0 = Release|Any CPU
		{0A9069B4-F1DB-4B47-971F-F6DCB97EB3C5}.Ad-Hoc|Any CPU.ActiveCfg = Ad-Hoc|iPhone
		{0A9069B4-F1DB-4B47-971F-F6DCB97EB3C5}.Ad-Hoc|ARM.ActiveCfg = Ad-Hoc|iPhone
		{0A9069B4-F1DB-4B47-971F-F6DCB97EB3C5}.Ad-Hoc|iPhone.ActiveCfg = Ad-Hoc|iPhone
		{0A9069B4-F1DB-4B47-971F-F6DCB97EB3C5}.Ad-Hoc|iPhone.Build.0 = Ad-Hoc|iPhone
		{0A9069B4-F1DB-4B47-971F-F6DCB97EB3C5}.Ad-Hoc|iPhoneSimulator.ActiveCfg = Ad-Hoc|iPhoneSimulator
		{0A9069B4-F1DB-4B47-971F-F6DCB97EB3C5}.Ad-Hoc|iPhoneSimulator.Build.0 = Ad-Hoc|iPhoneSimulator
		{0A9069B4-F1DB-4B47-971F-F6DCB97EB3C5}.Ad-Hoc|x64.ActiveCfg = Ad-Hoc|iPhone
		{0A9069B4-F1DB-4B47-971F-F6DCB97EB3C5}.Ad-Hoc|x86.ActiveCfg = Ad-Hoc|iPhone
		{0A9069B4-F1DB-4B47-971F-F6DCB97EB3C5}.AppStore|Any CPU.ActiveCfg = AppStore|iPhone
		{0A9069B4-F1DB-4B47-971F-F6DCB97EB3C5}.AppStore|ARM.ActiveCfg = AppStore|iPhone
		{0A9069B4-F1DB-4B47-971F-F6DCB97EB3C5}.AppStore|iPhone.ActiveCfg = AppStore|iPhone
		{0A9069B4-F1DB-4B47-971F-F6DCB97EB3C5}.AppStore|iPhone.Build.0 = AppStore|iPhone
		{0A9069B4-F1DB-4B47-971F-F6DCB97EB3C5}.AppStore|iPhoneSimulator.ActiveCfg = AppStore|iPhoneSimulator
		{0A9069B4-F1DB-4B47-971F-F6DCB97EB3C5}.AppStore|iPhoneSimulator.Build.0 = AppStore|iPhoneSimulator
		{0A9069B4-F1DB-4B47-971F-F6DCB97EB3C5}.AppStore|x64.ActiveCfg = AppStore|iPhone
		{0A9069B4-F1DB-4B47-971F-F6DCB97EB3C5}.AppStore|x86.ActiveCfg = AppStore|iPhone
		{0A9069B4-F1DB-4B47-971F-F6DCB97EB3C5}.Debug|Any CPU.ActiveCfg = Debug|iPhone
		{0A9069B4-F1DB-4B47-971F-F6DCB97EB3C5}.Debug|ARM.ActiveCfg = Debug|iPhone
		{0A9069B4-F1DB-4B47-971F-F6DCB97EB3C5}.Debug|iPhone.ActiveCfg = Debug|iPhone
		{0A9069B4-F1DB-4B47-971F-F6DCB97EB3C5}.Debug|iPhone.Build.0 = Debug|iPhone
		{0A9069B4-F1DB-4B47-971F-F6DCB97EB3C5}.Debug|iPhoneSimulator.ActiveCfg = Debug|iPhoneSimulator
		{0A9069B4-F1DB-4B47-971F-F6DCB97EB3C5}.Debug|iPhoneSimulator.Build.0 = Debug|iPhoneSimulator
		{0A9069B4-F1DB-4B47-971F-F6DCB97EB3C5}.Debug|x64.ActiveCfg = Debug|iPhone
		{0A9069B4-F1DB-4B47-971F-F6DCB97EB3C5}.Debug|x86.ActiveCfg = Debug|iPhone
		{0A9069B4-F1DB-4B47-971F-F6DCB97EB3C5}.Release|Any CPU.ActiveCfg = Release|iPhone
		{0A9069B4-F1DB-4B47-971F-F6DCB97EB3C5}.Release|ARM.ActiveCfg = Release|iPhone
		{0A9069B4-F1DB-4B47-971F-F6DCB97EB3C5}.Release|iPhone.ActiveCfg = Release|iPhone
		{0A9069B4-F1DB-4B47-971F-F6DCB97EB3C5}.Release|iPhone.Build.0 = Release|iPhone
		{0A9069B4-F1DB-4B47-971F-F6DCB97EB3C5}.Release|iPhoneSimulator.ActiveCfg = Release|iPhoneSimulator
		{0A9069B4-F1DB-4B47-971F-F6DCB97EB3C5}.Release|iPhoneSimulator.Build.0 = Release|iPhoneSimulator
		{0A9069B4-F1DB-4B47-971F-F6DCB97EB3C5}.Release|x64.ActiveCfg = Release|iPhone
		{0A9069B4-F1DB-4B47-971F-F6DCB97EB3C5}.Release|x86.ActiveCfg = Release|iPhone
		{E0C8160B-D504-472D-955D-D515F4E0B184}.Ad-Hoc|Any CPU.ActiveCfg = Release|x86
		{E0C8160B-D504-472D-955D-D515F4E0B184}.Ad-Hoc|Any CPU.Build.0 = Release|x86
		{E0C8160B-D504-472D-955D-D515F4E0B184}.Ad-Hoc|Any CPU.Deploy.0 = Release|x86
		{E0C8160B-D504-472D-955D-D515F4E0B184}.Ad-Hoc|ARM.ActiveCfg = Release|ARM
		{E0C8160B-D504-472D-955D-D515F4E0B184}.Ad-Hoc|ARM.Build.0 = Release|ARM
		{E0C8160B-D504-472D-955D-D515F4E0B184}.Ad-Hoc|ARM.Deploy.0 = Release|ARM
		{E0C8160B-D504-472D-955D-D515F4E0B184}.Ad-Hoc|iPhone.ActiveCfg = Release|x86
		{E0C8160B-D504-472D-955D-D515F4E0B184}.Ad-Hoc|iPhone.Build.0 = Release|x86
		{E0C8160B-D504-472D-955D-D515F4E0B184}.Ad-Hoc|iPhone.Deploy.0 = Release|x86
		{E0C8160B-D504-472D-955D-D515F4E0B184}.Ad-Hoc|iPhoneSimulator.ActiveCfg = Release|x86
		{E0C8160B-D504-472D-955D-D515F4E0B184}.Ad-Hoc|iPhoneSimulator.Build.0 = Release|x86
		{E0C8160B-D504-472D-955D-D515F4E0B184}.Ad-Hoc|iPhoneSimulator.Deploy.0 = Release|x86
		{E0C8160B-D504-472D-955D-D515F4E0B184}.Ad-Hoc|x64.ActiveCfg = Release|x64
		{E0C8160B-D504-472D-955D-D515F4E0B184}.Ad-Hoc|x64.Build.0 = Release|x64
		{E0C8160B-D504-472D-955D-D515F4E0B184}.Ad-Hoc|x64.Deploy.0 = Release|x64
		{E0C8160B-D504-472D-955D-D515F4E0B184}.Ad-Hoc|x86.ActiveCfg = Release|x86
		{E0C8160B-D504-472D-955D-D515F4E0B184}.Ad-Hoc|x86.Build.0 = Release|x86
		{E0C8160B-D504-472D-955D-D515F4E0B184}.Ad-Hoc|x86.Deploy.0 = Release|x86
		{E0C8160B-D504-472D-955D-D515F4E0B184}.AppStore|Any CPU.ActiveCfg = Release|x86
		{E0C8160B-D504-472D-955D-D515F4E0B184}.AppStore|Any CPU.Build.0 = Release|x86
		{E0C8160B-D504-472D-955D-D515F4E0B184}.AppStore|Any CPU.Deploy.0 = Release|x86
		{E0C8160B-D504-472D-955D-D515F4E0B184}.AppStore|ARM.ActiveCfg = Release|ARM
		{E0C8160B-D504-472D-955D-D515F4E0B184}.AppStore|ARM.Build.0 = Release|ARM
		{E0C8160B-D504-472D-955D-D515F4E0B184}.AppStore|ARM.Deploy.0 = Release|ARM
		{E0C8160B-D504-472D-955D-D515F4E0B184}.AppStore|iPhone.ActiveCfg = Release|x86
		{E0C8160B-D504-472D-955D-D515F4E0B184}.AppStore|iPhone.Build.0 = Release|x86
		{E0C8160B-D504-472D-955D-D515F4E0B184}.AppStore|iPhone.Deploy.0 = Release|x86
		{E0C8160B-D504-472D-955D-D515F4E0B184}.AppStore|iPhoneSimulator.ActiveCfg = Release|x86
		{E0C8160B-D504-472D-955D-D515F4E0B184}.AppStore|iPhoneSimulator.Build.0 = Release|x86
		{E0C8160B-D504-472D-955D-D515F4E0B184}.AppStore|iPhoneSimulator.Deploy.0 = Release|x86
		{E0C8160B-D504-472D-955D-D515F4E0B184}.AppStore|x64.ActiveCfg = Release|x64
		{E0C8160B-D504-472D-955D-D515F4E0B184}.AppStore|x64.Build.0 = Release|x64
		{E0C8160B-D504-472D-955D-D515F4E0B184}.AppStore|x64.Deploy.0 = Release|x64
		{E0C8160B-D504-472D-955D-D515F4E0B184}.AppStore|x86.ActiveCfg = Release|x86
		{E0C8160B-D504-472D-955D-D515F4E0B184}.AppStore|x86.Build.0 = Release|x86
		{E0C8160B-D504-472D-955D-D515F4E0B184}.AppStore|x86.Deploy.0 = Release|x86
		{E0C8160B-D504-472D-955D-D515F4E0B184}.Debug|Any CPU.ActiveCfg = Debug|x86
		{E0C8160B-D504-472D-955D-D515F4E0B184}.Debug|ARM.ActiveCfg = Debug|ARM
		{E0C8160B-D504-472D-955D-D515F4E0B184}.Debug|ARM.Build.0 = Debug|ARM
		{E0C8160B-D504-472D-955D-D515F4E0B184}.Debug|ARM.Deploy.0 = Debug|ARM
		{E0C8160B-D504-472D-955D-D515F4E0B184}.Debug|iPhone.ActiveCfg = Debug|x86
		{E0C8160B-D504-472D-955D-D515F4E0B184}.Debug|iPhoneSimulator.ActiveCfg = Debug|x86
		{E0C8160B-D504-472D-955D-D515F4E0B184}.Debug|x64.ActiveCfg = Debug|x64
		{E0C8160B-D504-472D-955D-D515F4E0B184}.Debug|x64.Build.0 = Debug|x64
		{E0C8160B-D504-472D-955D-D515F4E0B184}.Debug|x64.Deploy.0 = Debug|x64
		{E0C8160B-D504-472D-955D-D515F4E0B184}.Debug|x86.ActiveCfg = Debug|x86
		{E0C8160B-D504-472D-955D-D515F4E0B184}.Debug|x86.Build.0 = Debug|x86
		{E0C8160B-D504-472D-955D-D515F4E0B184}.Debug|x86.Deploy.0 = Debug|x86
		{E0C8160B-D504-472D-955D-D515F4E0B184}.Release|Any CPU.ActiveCfg = Release|x86
		{E0C8160B-D504-472D-955D-D515F4E0B184}.Release|ARM.ActiveCfg = Release|ARM
		{E0C8160B-D504-472D-955D-D515F4E0B184}.Release|ARM.Build.0 = Release|ARM
		{E0C8160B-D504-472D-955D-D515F4E0B184}.Release|ARM.Deploy.0 = Release|ARM
		{E0C8160B-D504-472D-955D-D515F4E0B184}.Release|iPhone.ActiveCfg = Release|x86
		{E0C8160B-D504-472D-955D-D515F4E0B184}.Release|iPhoneSimulator.ActiveCfg = Release|x86
		{E0C8160B-D504-472D-955D-D515F4E0B184}.Release|x64.ActiveCfg = Release|x64
		{E0C8160B-D504-472D-955D-D515F4E0B184}.Release|x64.Build.0 = Release|x64
		{E0C8160B-D504-472D-955D-D515F4E0B184}.Release|x64.Deploy.0 = Release|x64
		{E0C8160B-D504-472D-955D-D515F4E0B184}.Release|x86.ActiveCfg = Release|x86
		{E0C8160B-D504-472D-955D-D515F4E0B184}.Release|x86.Build.0 = Release|x86
		{E0C8160B-D504-472D-955D-D515F4E0B184}.Release|x86.Deploy.0 = Release|x86
		{67F9D3A8-F71E-4428-913F-C37AE82CDB24}.Ad-Hoc|Any CPU.ActiveCfg = Release|Any CPU
		{67F9D3A8-F71E-4428-913F-C37AE82CDB24}.Ad-Hoc|Any CPU.Build.0 = Release|Any CPU
		{67F9D3A8-F71E-4428-913F-C37AE82CDB24}.Ad-Hoc|ARM.ActiveCfg = Release|Any CPU
		{67F9D3A8-F71E-4428-913F-C37AE82CDB24}.Ad-Hoc|ARM.Build.0 = Release|Any CPU
		{67F9D3A8-F71E-4428-913F-C37AE82CDB24}.Ad-Hoc|iPhone.ActiveCfg = Release|Any CPU
		{67F9D3A8-F71E-4428-913F-C37AE82CDB24}.Ad-Hoc|iPhone.Build.0 = Release|Any CPU
		{67F9D3A8-F71E-4428-913F-C37AE82CDB24}.Ad-Hoc|iPhoneSimulator.ActiveCfg = Release|Any CPU
		{67F9D3A8-F71E-4428-913F-C37AE82CDB24}.Ad-Hoc|iPhoneSimulator.Build.0 = Release|Any CPU
		{67F9D3A8-F71E-4428-913F-C37AE82CDB24}.Ad-Hoc|x64.ActiveCfg = Release|Any CPU
		{67F9D3A8-F71E-4428-913F-C37AE82CDB24}.Ad-Hoc|x64.Build.0 = Release|Any CPU
		{67F9D3A8-F71E-4428-913F-C37AE82CDB24}.Ad-Hoc|x86.ActiveCfg = Release|Any CPU
		{67F9D3A8-F71E-4428-913F-C37AE82CDB24}.Ad-Hoc|x86.Build.0 = Release|Any CPU
		{67F9D3A8-F71E-4428-913F-C37AE82CDB24}.AppStore|Any CPU.ActiveCfg = Release|Any CPU
		{67F9D3A8-F71E-4428-913F-C37AE82CDB24}.AppStore|Any CPU.Build.0 = Release|Any CPU
		{67F9D3A8-F71E-4428-913F-C37AE82CDB24}.AppStore|ARM.ActiveCfg = Release|Any CPU
		{67F9D3A8-F71E-4428-913F-C37AE82CDB24}.AppStore|ARM.Build.0 = Release|Any CPU
		{67F9D3A8-F71E-4428-913F-C37AE82CDB24}.AppStore|iPhone.ActiveCfg = Release|Any CPU
		{67F9D3A8-F71E-4428-913F-C37AE82CDB24}.AppStore|iPhone.Build.0 = Release|Any CPU
		{67F9D3A8-F71E-4428-913F-C37AE82CDB24}.AppStore|iPhoneSimulator.ActiveCfg = Release|Any CPU
		{67F9D3A8-F71E-4428-913F-C37AE82CDB24}.AppStore|iPhoneSimulator.Build.0 = Release|Any CPU
		{67F9D3A8-F71E-4428-913F-C37AE82CDB24}.AppStore|x64.ActiveCfg = Release|Any CPU
		{67F9D3A8-F71E-4428-913F-C37AE82CDB24}.AppStore|x64.Build.0 = Release|Any CPU
		{67F9D3A8-F71E-4428-913F-C37AE82CDB24}.AppStore|x86.ActiveCfg = Release|Any CPU
		{67F9D3A8-F71E-4428-913F-C37AE82CDB24}.AppStore|x86.Build.0 = Release|Any CPU
		{67F9D3A8-F71E-4428-913F-C37AE82CDB24}.Debug|Any CPU.ActiveCfg = Debug|Any CPU
		{67F9D3A8-F71E-4428-913F-C37AE82CDB24}.Debug|Any CPU.Build.0 = Debug|Any CPU
		{67F9D3A8-F71E-4428-913F-C37AE82CDB24}.Debug|ARM.ActiveCfg = Debug|Any CPU
		{67F9D3A8-F71E-4428-913F-C37AE82CDB24}.Debug|ARM.Build.0 = Debug|Any CPU
		{67F9D3A8-F71E-4428-913F-C37AE82CDB24}.Debug|iPhone.ActiveCfg = Debug|Any CPU
		{67F9D3A8-F71E-4428-913F-C37AE82CDB24}.Debug|iPhone.Build.0 = Debug|Any CPU
		{67F9D3A8-F71E-4428-913F-C37AE82CDB24}.Debug|iPhoneSimulator.ActiveCfg = Debug|Any CPU
		{67F9D3A8-F71E-4428-913F-C37AE82CDB24}.Debug|iPhoneSimulator.Build.0 = Debug|Any CPU
		{67F9D3A8-F71E-4428-913F-C37AE82CDB24}.Debug|x64.ActiveCfg = Debug|Any CPU
		{67F9D3A8-F71E-4428-913F-C37AE82CDB24}.Debug|x64.Build.0 = Debug|Any CPU
		{67F9D3A8-F71E-4428-913F-C37AE82CDB24}.Debug|x86.ActiveCfg = Debug|Any CPU
		{67F9D3A8-F71E-4428-913F-C37AE82CDB24}.Debug|x86.Build.0 = Debug|Any CPU
		{67F9D3A8-F71E-4428-913F-C37AE82CDB24}.Release|Any CPU.ActiveCfg = Release|Any CPU
		{67F9D3A8-F71E-4428-913F-C37AE82CDB24}.Release|Any CPU.Build.0 = Release|Any CPU
		{67F9D3A8-F71E-4428-913F-C37AE82CDB24}.Release|ARM.ActiveCfg = Release|Any CPU
		{67F9D3A8-F71E-4428-913F-C37AE82CDB24}.Release|ARM.Build.0 = Release|Any CPU
		{67F9D3A8-F71E-4428-913F-C37AE82CDB24}.Release|iPhone.ActiveCfg = Release|Any CPU
		{67F9D3A8-F71E-4428-913F-C37AE82CDB24}.Release|iPhone.Build.0 = Release|Any CPU
		{67F9D3A8-F71E-4428-913F-C37AE82CDB24}.Release|iPhoneSimulator.ActiveCfg = Release|Any CPU
		{67F9D3A8-F71E-4428-913F-C37AE82CDB24}.Release|iPhoneSimulator.Build.0 = Release|Any CPU
		{67F9D3A8-F71E-4428-913F-C37AE82CDB24}.Release|x64.ActiveCfg = Release|Any CPU
		{67F9D3A8-F71E-4428-913F-C37AE82CDB24}.Release|x64.Build.0 = Release|Any CPU
		{67F9D3A8-F71E-4428-913F-C37AE82CDB24}.Release|x86.ActiveCfg = Release|Any CPU
		{67F9D3A8-F71E-4428-913F-C37AE82CDB24}.Release|x86.Build.0 = Release|Any CPU
	EndGlobalSection
	GlobalSection(SolutionProperties) = preSolution
		HideSolutionNode = FALSE
	EndGlobalSection
	GlobalSection(CodealikeProperties) = postSolution
		SolutionGuid = 63155043-576c-4d66-99aa-af838fcd9d8e
	EndGlobalSection
EndGlobal
